
Microsoft Visual Studio Solution File, Format Version 12.00
# Visual Studio Version 16
VisualStudioVersion = 16.0.30503.244
MinimumVisualStudioVersion = 10.0.40219.1
Project("{2150E333-8FDC-42A3-9474-1A3956D46DE8}") = "tools", "tools", "{B60C0855-8DF7-4373-9F0E-E18B550565FC}"
EndProject
Project("{2150E333-8FDC-42A3-9474-1A3956D46DE8}") = "src", "src", "{5864E982-7A03-4C3F-B85A-7FD10456453B}"
EndProject
Project("{2150E333-8FDC-42A3-9474-1A3956D46DE8}") = "tests", "tests", "{6EB15BB9-7747-4EA2-A908-1B62CA14E4DF}"
EndProject
Project("{9A19103F-16F7-4668-BE54-9A1E7A4F7556}") = "Botix.Bot.Telegram.API", "src\Botix.Bot.Telegram.API\Botix.Bot.Telegram.API.csproj", "{D0C2920C-7B3B-433F-A171-1445810A8046}"
EndProject
Project("{9A19103F-16F7-4668-BE54-9A1E7A4F7556}") = "Botix.Bot.Telegram.API.Models", "src\Botix.Bot.Telegram.API.Models\Botix.Bot.Telegram.API.Models.csproj", "{E3BE7978-FACB-4509-BAB1-22CFE93878E3}"
EndProject
Project("{9A19103F-16F7-4668-BE54-9A1E7A4F7556}") = "Botix.Common.API", "src\Botix.Common.API\Botix.Common.API.csproj", "{6138A772-08EF-46E1-8577-BF5FB683F142}"
EndProject
Project("{9A19103F-16F7-4668-BE54-9A1E7A4F7556}") = "Botix.Bot.Telegram", "src\Botix.Bot.Telegram\Botix.Bot.Telegram.csproj", "{372AF677-8220-497E-99D6-F05625598D89}"
EndProject
Project("{9A19103F-16F7-4668-BE54-9A1E7A4F7556}") = "Botix.Common.Logging", "src\Botix.Common.Logging\Botix.Common.Logging.csproj", "{6AF2B1A4-121F-4F24-BB38-0FBBE6CFA831}"
EndProject
Project("{9A19103F-16F7-4668-BE54-9A1E7A4F7556}") = "Botix.Bot.Core", "src\Botix.Bot.Core\Botix.Bot.Core.csproj", "{F84D07A5-5E24-4638-8BE3-263EBC8E440B}"
EndProject
Project("{FAE04EC0-301F-11D3-BF4B-00C04F79EFBC}") = "Botix.Bot.Infrastructure", "src\Botix.Bot.Infrastructure\Botix.Bot.Infrastructure.csproj", "{3BE4DFB5-BB43-4843-A986-86D4CBDA5EAC}"
EndProject
Project("{FAE04EC0-301F-11D3-BF4B-00C04F79EFBC}") = "Botix.Bot.Infrastructure.Tests", "Botix.Bot.Infrastructure.Tests\Botix.Bot.Infrastructure.Tests.csproj", "{3682F242-43A9-4293-AEF5-B79E8D5A17A2}"
EndProject
Project("{FAE04EC0-301F-11D3-BF4B-00C04F79EFBC}") = "Botix.Tests.Commons", "Botix.Tests.Commons\Botix.Tests.Commons.csproj", "{F1F5180F-3294-4DE2-8147-C87CFF7477BD}"
EndProject
Global
	GlobalSection(SolutionConfigurationPlatforms) = preSolution
		Debug|Any CPU = Debug|Any CPU
		Release|Any CPU = Release|Any CPU
	EndGlobalSection
	GlobalSection(ProjectConfigurationPlatforms) = postSolution
		{D0C2920C-7B3B-433F-A171-1445810A8046}.Debug|Any CPU.ActiveCfg = Debug|Any CPU
		{D0C2920C-7B3B-433F-A171-1445810A8046}.Debug|Any CPU.Build.0 = Debug|Any CPU
		{D0C2920C-7B3B-433F-A171-1445810A8046}.Release|Any CPU.ActiveCfg = Release|Any CPU
		{D0C2920C-7B3B-433F-A171-1445810A8046}.Release|Any CPU.Build.0 = Release|Any CPU
		{E3BE7978-FACB-4509-BAB1-22CFE93878E3}.Debug|Any CPU.ActiveCfg = Debug|Any CPU
		{E3BE7978-FACB-4509-BAB1-22CFE93878E3}.Debug|Any CPU.Build.0 = Debug|Any CPU
		{E3BE7978-FACB-4509-BAB1-22CFE93878E3}.Release|Any CPU.ActiveCfg = Release|Any CPU
		{E3BE7978-FACB-4509-BAB1-22CFE93878E3}.Release|Any CPU.Build.0 = Release|Any CPU
		{6138A772-08EF-46E1-8577-BF5FB683F142}.Debug|Any CPU.ActiveCfg = Debug|Any CPU
		{6138A772-08EF-46E1-8577-BF5FB683F142}.Debug|Any CPU.Build.0 = Debug|Any CPU
		{6138A772-08EF-46E1-8577-BF5FB683F142}.Release|Any CPU.ActiveCfg = Release|Any CPU
		{6138A772-08EF-46E1-8577-BF5FB683F142}.Release|Any CPU.Build.0 = Release|Any CPU
		{372AF677-8220-497E-99D6-F05625598D89}.Debug|Any CPU.ActiveCfg = Debug|Any CPU
		{372AF677-8220-497E-99D6-F05625598D89}.Debug|Any CPU.Build.0 = Debug|Any CPU
		{372AF677-8220-497E-99D6-F05625598D89}.Release|Any CPU.ActiveCfg = Release|Any CPU
		{372AF677-8220-497E-99D6-F05625598D89}.Release|Any CPU.Build.0 = Release|Any CPU
		{6AF2B1A4-121F-4F24-BB38-0FBBE6CFA831}.Debug|Any CPU.ActiveCfg = Debug|Any CPU
		{6AF2B1A4-121F-4F24-BB38-0FBBE6CFA831}.Debug|Any CPU.Build.0 = Debug|Any CPU
		{6AF2B1A4-121F-4F24-BB38-0FBBE6CFA831}.Release|Any CPU.ActiveCfg = Release|Any CPU
		{6AF2B1A4-121F-4F24-BB38-0FBBE6CFA831}.Release|Any CPU.Build.0 = Release|Any CPU
		{F84D07A5-5E24-4638-8BE3-263EBC8E440B}.Debug|Any CPU.ActiveCfg = Debug|Any CPU
		{F84D07A5-5E24-4638-8BE3-263EBC8E440B}.Debug|Any CPU.Build.0 = Debug|Any CPU
		{F84D07A5-5E24-4638-8BE3-263EBC8E440B}.Release|Any CPU.ActiveCfg = Release|Any CPU
		{F84D07A5-5E24-4638-8BE3-263EBC8E440B}.Release|Any CPU.Build.0 = Release|Any CPU
		{3BE4DFB5-BB43-4843-A986-86D4CBDA5EAC}.Debug|Any CPU.ActiveCfg = Debug|Any CPU
		{3BE4DFB5-BB43-4843-A986-86D4CBDA5EAC}.Debug|Any CPU.Build.0 = Debug|Any CPU
		{3BE4DFB5-BB43-4843-A986-86D4CBDA5EAC}.Release|Any CPU.ActiveCfg = Release|Any CPU
		{3BE4DFB5-BB43-4843-A986-86D4CBDA5EAC}.Release|Any CPU.Build.0 = Release|Any CPU
		{3682F242-43A9-4293-AEF5-B79E8D5A17A2}.Debug|Any CPU.ActiveCfg = Debug|Any CPU
		{3682F242-43A9-4293-AEF5-B79E8D5A17A2}.Debug|Any CPU.Build.0 = Debug|Any CPU
		{3682F242-43A9-4293-AEF5-B79E8D5A17A2}.Release|Any CPU.ActiveCfg = Release|Any CPU
		{3682F242-43A9-4293-AEF5-B79E8D5A17A2}.Release|Any CPU.Build.0 = Release|Any CPU
		{F1F5180F-3294-4DE2-8147-C87CFF7477BD}.Debug|Any CPU.ActiveCfg = Debug|Any CPU
		{F1F5180F-3294-4DE2-8147-C87CFF7477BD}.Debug|Any CPU.Build.0 = Debug|Any CPU
		{F1F5180F-3294-4DE2-8147-C87CFF7477BD}.Release|Any CPU.ActiveCfg = Release|Any CPU
		{F1F5180F-3294-4DE2-8147-C87CFF7477BD}.Release|Any CPU.Build.0 = Release|Any CPU
	EndGlobalSection
	GlobalSection(SolutionProperties) = preSolution
		HideSolutionNode = FALSE
	EndGlobalSection
	GlobalSection(NestedProjects) = preSolution
		{D0C2920C-7B3B-433F-A171-1445810A8046} = {5864E982-7A03-4C3F-B85A-7FD10456453B}
		{E3BE7978-FACB-4509-BAB1-22CFE93878E3} = {5864E982-7A03-4C3F-B85A-7FD10456453B}
		{6138A772-08EF-46E1-8577-BF5FB683F142} = {5864E982-7A03-4C3F-B85A-7FD10456453B}
		{372AF677-8220-497E-99D6-F05625598D89} = {5864E982-7A03-4C3F-B85A-7FD10456453B}
		{6AF2B1A4-121F-4F24-BB38-0FBBE6CFA831} = {5864E982-7A03-4C3F-B85A-7FD10456453B}
		{F84D07A5-5E24-4638-8BE3-263EBC8E440B} = {5864E982-7A03-4C3F-B85A-7FD10456453B}
		{3BE4DFB5-BB43-4843-A986-86D4CBDA5EAC} = {5864E982-7A03-4C3F-B85A-7FD10456453B}
		{3682F242-43A9-4293-AEF5-B79E8D5A17A2} = {6EB15BB9-7747-4EA2-A908-1B62CA14E4DF}
		{F1F5180F-3294-4DE2-8147-C87CFF7477BD} = {6EB15BB9-7747-4EA2-A908-1B62CA14E4DF}
	EndGlobalSection
	GlobalSection(ExtensibilityGlobals) = postSolution
		SolutionGuid = {26B25E0E-EDFA-432C-9A94-47CA7096925B}
	EndGlobalSection
EndGlobal
