
Microsoft Visual Studio Solution File, Format Version 12.00
# Visual Studio Version 16
VisualStudioVersion = 16.0.30503.244
MinimumVisualStudioVersion = 10.0.40219.1
Project("{2150E333-8FDC-42A3-9474-1A3956D46DE8}") = "tools", "tools", "{B60C0855-8DF7-4373-9F0E-E18B550565FC}"
EndProject
Project("{2150E333-8FDC-42A3-9474-1A3956D46DE8}") = "src", "src", "{5864E982-7A03-4C3F-B85A-7FD10456453B}"
EndProject
Project("{2150E333-8FDC-42A3-9474-1A3956D46DE8}") = "tests", "tests", "{6EB15BB9-7747-4EA2-A908-1B62CA14E4DF}"
EndProject
Project("{FAE04EC0-301F-11D3-BF4B-00C04F79EFBC}") = "TelegramBot.Api", "src\TelegramBot.Api\TelegramBot.Api.csproj", "{D0C2920C-7B3B-433F-A171-1445810A8046}"
EndProject
Global
	GlobalSection(SolutionConfigurationPlatforms) = preSolution
		Debug|Any CPU = Debug|Any CPU
		Release|Any CPU = Release|Any CPU
	EndGlobalSection
	GlobalSection(ProjectConfigurationPlatforms) = postSolution
		{D0C2920C-7B3B-433F-A171-1445810A8046}.Debug|Any CPU.ActiveCfg = Debug|Any CPU
		{D0C2920C-7B3B-433F-A171-1445810A8046}.Debug|Any CPU.Build.0 = Debug|Any CPU
		{D0C2920C-7B3B-433F-A171-1445810A8046}.Release|Any CPU.ActiveCfg = Release|Any CPU
		{D0C2920C-7B3B-433F-A171-1445810A8046}.Release|Any CPU.Build.0 = Release|Any CPU
	EndGlobalSection
	GlobalSection(SolutionProperties) = preSolution
		HideSolutionNode = FALSE
	EndGlobalSection
	GlobalSection(NestedProjects) = preSolution
		{D0C2920C-7B3B-433F-A171-1445810A8046} = {5864E982-7A03-4C3F-B85A-7FD10456453B}
	EndGlobalSection
	GlobalSection(ExtensibilityGlobals) = postSolution
		SolutionGuid = {26B25E0E-EDFA-432C-9A94-47CA7096925B}
	EndGlobalSection
EndGlobal
